// !$*UTF8*$!
{
	archiveVersion = 1;
	classes = {
	};
	objectVersion = 48;
	objects = {

/* Begin PBXBuildFile section */
		C03D3030202F2EC200E3A85A /* OpenChannelsViewController.swift in Sources */ = {isa = PBXBuildFile; fileRef = C03D302F202F2EC200E3A85A /* OpenChannelsViewController.swift */; };
		C03D3033202F305100E3A85A /* UIView+ChatCamp.swift in Sources */ = {isa = PBXBuildFile; fileRef = C03D3032202F305100E3A85A /* UIView+ChatCamp.swift */; };
		C03D3035202F342300E3A85A /* NSObject+ChatCamp.swift in Sources */ = {isa = PBXBuildFile; fileRef = C03D3034202F342300E3A85A /* NSObject+ChatCamp.swift */; };
		C03F7414202EFEBA00423969 /* AppDelegate.swift in Sources */ = {isa = PBXBuildFile; fileRef = C03F7413202EFEBA00423969 /* AppDelegate.swift */; };
		C03F7416202EFEBA00423969 /* ViewController.swift in Sources */ = {isa = PBXBuildFile; fileRef = C03F7415202EFEBA00423969 /* ViewController.swift */; };
		C03F741B202EFEBA00423969 /* Assets.xcassets in Resources */ = {isa = PBXBuildFile; fileRef = C03F741A202EFEBA00423969 /* Assets.xcassets */; };
		C03F741E202EFEBA00423969 /* LaunchScreen.storyboard in Resources */ = {isa = PBXBuildFile; fileRef = C03F741C202EFEBA00423969 /* LaunchScreen.storyboard */; };
		C03F7428202F00F300423969 /* Login.storyboard in Resources */ = {isa = PBXBuildFile; fileRef = C03F7427202F00F300423969 /* Login.storyboard */; };
		C03F742A202F017C00423969 /* Home.storyboard in Resources */ = {isa = PBXBuildFile; fileRef = C03F7429202F017C00423969 /* Home.storyboard */; };
		C03F742C202F1A5400423969 /* HomeTabBarController.swift in Sources */ = {isa = PBXBuildFile; fileRef = C03F742B202F1A5400423969 /* HomeTabBarController.swift */; };
		C08D21EB202F1F2C00BD059D /* Constants.swift in Sources */ = {isa = PBXBuildFile; fileRef = C08D21EA202F1F2C00BD059D /* Constants.swift */; };
		C08D21ED202F20F400BD059D /* LoginViewController.swift in Sources */ = {isa = PBXBuildFile; fileRef = C08D21EC202F20F400BD059D /* LoginViewController.swift */; };
		C08D21F0202F22DC00BD059D /* ChatTableViewCell.xib in Resources */ = {isa = PBXBuildFile; fileRef = C08D21EF202F22DC00BD059D /* ChatTableViewCell.xib */; };
		C08D21F2202F259400BD059D /* ChatTableViewCell.swift in Sources */ = {isa = PBXBuildFile; fileRef = C08D21F1202F259400BD059D /* ChatTableViewCell.swift */; };
/* End PBXBuildFile section */

/* Begin PBXFileReference section */
		C03D302F202F2EC200E3A85A /* OpenChannelsViewController.swift */ = {isa = PBXFileReference; lastKnownFileType = sourcecode.swift; path = OpenChannelsViewController.swift; sourceTree = "<group>"; };
		C03D3032202F305100E3A85A /* UIView+ChatCamp.swift */ = {isa = PBXFileReference; lastKnownFileType = sourcecode.swift; path = "UIView+ChatCamp.swift"; sourceTree = "<group>"; };
		C03D3034202F342300E3A85A /* NSObject+ChatCamp.swift */ = {isa = PBXFileReference; lastKnownFileType = sourcecode.swift; path = "NSObject+ChatCamp.swift"; sourceTree = "<group>"; };
		C03F7410202EFEBA00423969 /* ChatCamp Demo.app */ = {isa = PBXFileReference; explicitFileType = wrapper.application; includeInIndex = 0; path = "ChatCamp Demo.app"; sourceTree = BUILT_PRODUCTS_DIR; };
		C03F7413202EFEBA00423969 /* AppDelegate.swift */ = {isa = PBXFileReference; lastKnownFileType = sourcecode.swift; path = AppDelegate.swift; sourceTree = "<group>"; };
		C03F7415202EFEBA00423969 /* ViewController.swift */ = {isa = PBXFileReference; lastKnownFileType = sourcecode.swift; path = ViewController.swift; sourceTree = "<group>"; };
		C03F741A202EFEBA00423969 /* Assets.xcassets */ = {isa = PBXFileReference; lastKnownFileType = folder.assetcatalog; path = Assets.xcassets; sourceTree = "<group>"; };
		C03F741D202EFEBA00423969 /* Base */ = {isa = PBXFileReference; lastKnownFileType = file.storyboard; name = Base; path = Base.lproj/LaunchScreen.storyboard; sourceTree = "<group>"; };
		C03F741F202EFEBA00423969 /* Info.plist */ = {isa = PBXFileReference; lastKnownFileType = text.plist.xml; path = Info.plist; sourceTree = "<group>"; };
		C03F7427202F00F300423969 /* Login.storyboard */ = {isa = PBXFileReference; lastKnownFileType = file.storyboard; path = Login.storyboard; sourceTree = "<group>"; };
		C03F7429202F017C00423969 /* Home.storyboard */ = {isa = PBXFileReference; lastKnownFileType = file.storyboard; path = Home.storyboard; sourceTree = "<group>"; };
		C03F742B202F1A5400423969 /* HomeTabBarController.swift */ = {isa = PBXFileReference; lastKnownFileType = sourcecode.swift; path = HomeTabBarController.swift; sourceTree = "<group>"; };
		C08D21EA202F1F2C00BD059D /* Constants.swift */ = {isa = PBXFileReference; lastKnownFileType = sourcecode.swift; path = Constants.swift; sourceTree = "<group>"; };
		C08D21EC202F20F400BD059D /* LoginViewController.swift */ = {isa = PBXFileReference; lastKnownFileType = sourcecode.swift; path = LoginViewController.swift; sourceTree = "<group>"; };
		C08D21EF202F22DC00BD059D /* ChatTableViewCell.xib */ = {isa = PBXFileReference; lastKnownFileType = file.xib; path = ChatTableViewCell.xib; sourceTree = "<group>"; };
		C08D21F1202F259400BD059D /* ChatTableViewCell.swift */ = {isa = PBXFileReference; lastKnownFileType = sourcecode.swift; path = ChatTableViewCell.swift; sourceTree = "<group>"; };
/* End PBXFileReference section */

/* Begin PBXFrameworksBuildPhase section */
		C03F740D202EFEBA00423969 /* Frameworks */ = {
			isa = PBXFrameworksBuildPhase;
			buildActionMask = 2147483647;
			files = (
			);
			runOnlyForDeploymentPostprocessing = 0;
		};
/* End PBXFrameworksBuildPhase section */

/* Begin PBXGroup section */
		C03D3031202F303D00E3A85A /* Extensions */ = {
			isa = PBXGroup;
			children = (
				C03D3032202F305100E3A85A /* UIView+ChatCamp.swift */,
				C03D3034202F342300E3A85A /* NSObject+ChatCamp.swift */,
			);
			path = Extensions;
			sourceTree = "<group>";
		};
		C03F7407202EFEBA00423969 = {
			isa = PBXGroup;
			children = (
				C03F7412202EFEBA00423969 /* ChatCamp Demo */,
				C03F7411202EFEBA00423969 /* Products */,
			);
			sourceTree = "<group>";
		};
		C03F7411202EFEBA00423969 /* Products */ = {
			isa = PBXGroup;
			children = (
				C03F7410202EFEBA00423969 /* ChatCamp Demo.app */,
			);
			name = Products;
			sourceTree = "<group>";
		};
		C03F7412202EFEBA00423969 /* ChatCamp Demo */ = {
			isa = PBXGroup;
			children = (
				C03D3031202F303D00E3A85A /* Extensions */,
				C08D21EE202F22AF00BD059D /* Views */,
				C08D21E9202F1F1F00BD059D /* Utilities */,
				C03F7425202F00D000423969 /* View Controllers */,
				C03F7426202F00D900423969 /* Storyboards */,
				C03F7413202EFEBA00423969 /* AppDelegate.swift */,
				C03F7415202EFEBA00423969 /* ViewController.swift */,
				C03F741A202EFEBA00423969 /* Assets.xcassets */,
				C03F741F202EFEBA00423969 /* Info.plist */,
			);
			path = "ChatCamp Demo";
			sourceTree = "<group>";
		};
		C03F7425202F00D000423969 /* View Controllers */ = {
			isa = PBXGroup;
			children = (
				C03F742B202F1A5400423969 /* HomeTabBarController.swift */,
				C08D21EC202F20F400BD059D /* LoginViewController.swift */,
				C03D302F202F2EC200E3A85A /* OpenChannelsViewController.swift */,
			);
			path = "View Controllers";
			sourceTree = "<group>";
		};
		C03F7426202F00D900423969 /* Storyboards */ = {
			isa = PBXGroup;
			children = (
				C03F741C202EFEBA00423969 /* LaunchScreen.storyboard */,
				C03F7427202F00F300423969 /* Login.storyboard */,
				C03F7429202F017C00423969 /* Home.storyboard */,
			);
			path = Storyboards;
			sourceTree = "<group>";
		};
		C08D21E9202F1F1F00BD059D /* Utilities */ = {
			isa = PBXGroup;
			children = (
				C08D21EA202F1F2C00BD059D /* Constants.swift */,
			);
			path = Utilities;
			sourceTree = "<group>";
		};
		C08D21EE202F22AF00BD059D /* Views */ = {
			isa = PBXGroup;
			children = (
				C08D21EF202F22DC00BD059D /* ChatTableViewCell.xib */,
				C08D21F1202F259400BD059D /* ChatTableViewCell.swift */,
			);
			path = Views;
			sourceTree = "<group>";
		};
/* End PBXGroup section */

/* Begin PBXNativeTarget section */
		C03F740F202EFEBA00423969 /* ChatCamp Demo */ = {
			isa = PBXNativeTarget;
			buildConfigurationList = C03F7422202EFEBA00423969 /* Build configuration list for PBXNativeTarget "ChatCamp Demo" */;
			buildPhases = (
				C03F740C202EFEBA00423969 /* Sources */,
				C03F740D202EFEBA00423969 /* Frameworks */,
				C03F740E202EFEBA00423969 /* Resources */,
			);
			buildRules = (
			);
			dependencies = (
			);
			name = "ChatCamp Demo";
			productName = "ChatCamp Demo";
			productReference = C03F7410202EFEBA00423969 /* ChatCamp Demo.app */;
			productType = "com.apple.product-type.application";
		};
/* End PBXNativeTarget section */

/* Begin PBXProject section */
		C03F7408202EFEBA00423969 /* Project object */ = {
			isa = PBXProject;
			attributes = {
				LastSwiftUpdateCheck = 0910;
				LastUpgradeCheck = 0910;
				ORGANIZATIONNAME = "iFlyLabs Inc.";
				TargetAttributes = {
					C03F740F202EFEBA00423969 = {
						CreatedOnToolsVersion = 9.1;
						ProvisioningStyle = Automatic;
					};
				};
			};
			buildConfigurationList = C03F740B202EFEBA00423969 /* Build configuration list for PBXProject "ChatCamp Demo" */;
			compatibilityVersion = "Xcode 8.0";
			developmentRegion = en;
			hasScannedForEncodings = 0;
			knownRegions = (
				en,
				Base,
			);
			mainGroup = C03F7407202EFEBA00423969;
			productRefGroup = C03F7411202EFEBA00423969 /* Products */;
			projectDirPath = "";
			projectRoot = "";
			targets = (
				C03F740F202EFEBA00423969 /* ChatCamp Demo */,
			);
		};
/* End PBXProject section */

/* Begin PBXResourcesBuildPhase section */
		C03F740E202EFEBA00423969 /* Resources */ = {
			isa = PBXResourcesBuildPhase;
			buildActionMask = 2147483647;
			files = (
				C03F741E202EFEBA00423969 /* LaunchScreen.storyboard in Resources */,
				C03F741B202EFEBA00423969 /* Assets.xcassets in Resources */,
				C08D21F0202F22DC00BD059D /* ChatTableViewCell.xib in Resources */,
				C03F7428202F00F300423969 /* Login.storyboard in Resources */,
				C03F742A202F017C00423969 /* Home.storyboard in Resources */,
			);
			runOnlyForDeploymentPostprocessing = 0;
		};
/* End PBXResourcesBuildPhase section */

/* Begin PBXSourcesBuildPhase section */
		C03F740C202EFEBA00423969 /* Sources */ = {
			isa = PBXSourcesBuildPhase;
			buildActionMask = 2147483647;
			files = (
				C03F7416202EFEBA00423969 /* ViewController.swift in Sources */,
				C03F7414202EFEBA00423969 /* AppDelegate.swift in Sources */,
				C03F742C202F1A5400423969 /* HomeTabBarController.swift in Sources */,
				C03D3035202F342300E3A85A /* NSObject+ChatCamp.swift in Sources */,
				C08D21F2202F259400BD059D /* ChatTableViewCell.swift in Sources */,
				C03D3030202F2EC200E3A85A /* OpenChannelsViewController.swift in Sources */,
				C03D3033202F305100E3A85A /* UIView+ChatCamp.swift in Sources */,
				C08D21ED202F20F400BD059D /* LoginViewController.swift in Sources */,
				C08D21EB202F1F2C00BD059D /* Constants.swift in Sources */,
			);
			runOnlyForDeploymentPostprocessing = 0;
		};
/* End PBXSourcesBuildPhase section */

/* Begin PBXVariantGroup section */
		C03F741C202EFEBA00423969 /* LaunchScreen.storyboard */ = {
			isa = PBXVariantGroup;
			children = (
				C03F741D202EFEBA00423969 /* Base */,
			);
			name = LaunchScreen.storyboard;
			sourceTree = "<group>";
		};
/* End PBXVariantGroup section */

/* Begin XCBuildConfiguration section */
		C03F7420202EFEBA00423969 /* Debug */ = {
			isa = XCBuildConfiguration;
			buildSettings = {
				ALWAYS_SEARCH_USER_PATHS = NO;
				CLANG_ANALYZER_NONNULL = YES;
				CLANG_ANALYZER_NUMBER_OBJECT_CONVERSION = YES_AGGRESSIVE;
				CLANG_CXX_LANGUAGE_STANDARD = "gnu++14";
				CLANG_CXX_LIBRARY = "libc++";
				CLANG_ENABLE_MODULES = YES;
				CLANG_ENABLE_OBJC_ARC = YES;
				CLANG_WARN_BLOCK_CAPTURE_AUTORELEASING = YES;
				CLANG_WARN_BOOL_CONVERSION = YES;
				CLANG_WARN_COMMA = YES;
				CLANG_WARN_CONSTANT_CONVERSION = YES;
				CLANG_WARN_DIRECT_OBJC_ISA_USAGE = YES_ERROR;
				CLANG_WARN_DOCUMENTATION_COMMENTS = YES;
				CLANG_WARN_EMPTY_BODY = YES;
				CLANG_WARN_ENUM_CONVERSION = YES;
				CLANG_WARN_INFINITE_RECURSION = YES;
				CLANG_WARN_INT_CONVERSION = YES;
				CLANG_WARN_NON_LITERAL_NULL_CONVERSION = YES;
				CLANG_WARN_OBJC_LITERAL_CONVERSION = YES;
				CLANG_WARN_OBJC_ROOT_CLASS = YES_ERROR;
				CLANG_WARN_RANGE_LOOP_ANALYSIS = YES;
				CLANG_WARN_STRICT_PROTOTYPES = YES;
				CLANG_WARN_SUSPICIOUS_MOVE = YES;
				CLANG_WARN_UNGUARDED_AVAILABILITY = YES_AGGRESSIVE;
				CLANG_WARN_UNREACHABLE_CODE = YES;
				CLANG_WARN__DUPLICATE_METHOD_MATCH = YES;
				CODE_SIGN_IDENTITY = "iPhone Developer";
				COPY_PHASE_STRIP = NO;
				DEBUG_INFORMATION_FORMAT = dwarf;
				ENABLE_STRICT_OBJC_MSGSEND = YES;
				ENABLE_TESTABILITY = YES;
				GCC_C_LANGUAGE_STANDARD = gnu11;
				GCC_DYNAMIC_NO_PIC = NO;
				GCC_NO_COMMON_BLOCKS = YES;
				GCC_OPTIMIZATION_LEVEL = 0;
				GCC_PREPROCESSOR_DEFINITIONS = (
					"DEBUG=1",
					"$(inherited)",
				);
				GCC_WARN_64_TO_32_BIT_CONVERSION = YES;
				GCC_WARN_ABOUT_RETURN_TYPE = YES_ERROR;
				GCC_WARN_UNDECLARED_SELECTOR = YES;
				GCC_WARN_UNINITIALIZED_AUTOS = YES_AGGRESSIVE;
				GCC_WARN_UNUSED_FUNCTION = YES;
				GCC_WARN_UNUSED_VARIABLE = YES;
				IPHONEOS_DEPLOYMENT_TARGET = 11.1;
				MTL_ENABLE_DEBUG_INFO = YES;
				ONLY_ACTIVE_ARCH = YES;
				SDKROOT = iphoneos;
				SWIFT_ACTIVE_COMPILATION_CONDITIONS = DEBUG;
				SWIFT_OPTIMIZATION_LEVEL = "-Onone";
			};
			name = Debug;
		};
		C03F7421202EFEBA00423969 /* Release */ = {
			isa = XCBuildConfiguration;
			buildSettings = {
				ALWAYS_SEARCH_USER_PATHS = NO;
				CLANG_ANALYZER_NONNULL = YES;
				CLANG_ANALYZER_NUMBER_OBJECT_CONVERSION = YES_AGGRESSIVE;
				CLANG_CXX_LANGUAGE_STANDARD = "gnu++14";
				CLANG_CXX_LIBRARY = "libc++";
				CLANG_ENABLE_MODULES = YES;
				CLANG_ENABLE_OBJC_ARC = YES;
				CLANG_WARN_BLOCK_CAPTURE_AUTORELEASING = YES;
				CLANG_WARN_BOOL_CONVERSION = YES;
				CLANG_WARN_COMMA = YES;
				CLANG_WARN_CONSTANT_CONVERSION = YES;
				CLANG_WARN_DIRECT_OBJC_ISA_USAGE = YES_ERROR;
				CLANG_WARN_DOCUMENTATION_COMMENTS = YES;
				CLANG_WARN_EMPTY_BODY = YES;
				CLANG_WARN_ENUM_CONVERSION = YES;
				CLANG_WARN_INFINITE_RECURSION = YES;
				CLANG_WARN_INT_CONVERSION = YES;
				CLANG_WARN_NON_LITERAL_NULL_CONVERSION = YES;
				CLANG_WARN_OBJC_LITERAL_CONVERSION = YES;
				CLANG_WARN_OBJC_ROOT_CLASS = YES_ERROR;
				CLANG_WARN_RANGE_LOOP_ANALYSIS = YES;
				CLANG_WARN_STRICT_PROTOTYPES = YES;
				CLANG_WARN_SUSPICIOUS_MOVE = YES;
				CLANG_WARN_UNGUARDED_AVAILABILITY = YES_AGGRESSIVE;
				CLANG_WARN_UNREACHABLE_CODE = YES;
				CLANG_WARN__DUPLICATE_METHOD_MATCH = YES;
				CODE_SIGN_IDENTITY = "iPhone Developer";
				COPY_PHASE_STRIP = NO;
				DEBUG_INFORMATION_FORMAT = "dwarf-with-dsym";
				ENABLE_NS_ASSERTIONS = NO;
				ENABLE_STRICT_OBJC_MSGSEND = YES;
				GCC_C_LANGUAGE_STANDARD = gnu11;
				GCC_NO_COMMON_BLOCKS = YES;
				GCC_WARN_64_TO_32_BIT_CONVERSION = YES;
				GCC_WARN_ABOUT_RETURN_TYPE = YES_ERROR;
				GCC_WARN_UNDECLARED_SELECTOR = YES;
				GCC_WARN_UNINITIALIZED_AUTOS = YES_AGGRESSIVE;
				GCC_WARN_UNUSED_FUNCTION = YES;
				GCC_WARN_UNUSED_VARIABLE = YES;
				IPHONEOS_DEPLOYMENT_TARGET = 11.1;
				MTL_ENABLE_DEBUG_INFO = NO;
				SDKROOT = iphoneos;
				SWIFT_OPTIMIZATION_LEVEL = "-Owholemodule";
				VALIDATE_PRODUCT = YES;
			};
			name = Release;
		};
		C03F7423202EFEBA00423969 /* Debug */ = {
			isa = XCBuildConfiguration;
			buildSettings = {
				ASSETCATALOG_COMPILER_APPICON_NAME = AppIcon;
				CODE_SIGN_STYLE = Automatic;
				INFOPLIST_FILE = "ChatCamp Demo/Info.plist";
				IPHONEOS_DEPLOYMENT_TARGET = 9.0;
				LD_RUNPATH_SEARCH_PATHS = "$(inherited) @executable_path/Frameworks";
				PRODUCT_BUNDLE_IDENTIFIER = "com.chatcamp.demo.ChatCamp-Demo";
				PRODUCT_NAME = "$(TARGET_NAME)";
				SWIFT_VERSION = 4.0;
				TARGETED_DEVICE_FAMILY = 1;
			};
			name = Debug;
		};
		C03F7424202EFEBA00423969 /* Release */ = {
			isa = XCBuildConfiguration;
			buildSettings = {
				ASSETCATALOG_COMPILER_APPICON_NAME = AppIcon;
				CODE_SIGN_STYLE = Automatic;
				INFOPLIST_FILE = "ChatCamp Demo/Info.plist";
				IPHONEOS_DEPLOYMENT_TARGET = 9.0;
				LD_RUNPATH_SEARCH_PATHS = "$(inherited) @executable_path/Frameworks";
				PRODUCT_BUNDLE_IDENTIFIER = "com.chatcamp.demo.ChatCamp-Demo";
				PRODUCT_NAME = "$(TARGET_NAME)";
				SWIFT_VERSION = 4.0;
				TARGETED_DEVICE_FAMILY = 1;
			};
			name = Release;
		};
/* End XCBuildConfiguration section */

/* Begin XCConfigurationList section */
		C03F740B202EFEBA00423969 /* Build configuration list for PBXProject "ChatCamp Demo" */ = {
			isa = XCConfigurationList;
			buildConfigurations = (
				C03F7420202EFEBA00423969 /* Debug */,
				C03F7421202EFEBA00423969 /* Release */,
			);
			defaultConfigurationIsVisible = 0;
			defaultConfigurationName = Release;
		};
		C03F7422202EFEBA00423969 /* Build configuration list for PBXNativeTarget "ChatCamp Demo" */ = {
			isa = XCConfigurationList;
			buildConfigurations = (
				C03F7423202EFEBA00423969 /* Debug */,
				C03F7424202EFEBA00423969 /* Release */,
			);
			defaultConfigurationIsVisible = 0;
			defaultConfigurationName = Release;
		};
/* End XCConfigurationList section */
	};
	rootObject = C03F7408202EFEBA00423969 /* Project object */;
}
