// !$*UTF8*$!
{
	archiveVersion = 1;
	classes = {
	};
	objectVersion = 48;
	objects = {

/* Begin PBXBuildFile section */
		09925AE720E6561C00D3DEB8 /* Login.storyboard in Resources */ = {isa = PBXBuildFile; fileRef = 09925AE620E6561C00D3DEB8 /* Login.storyboard */; };
		09925AEA20E6571D00D3DEB8 /* LoginViewController.swift in Sources */ = {isa = PBXBuildFile; fileRef = 09925AE920E6571D00D3DEB8 /* LoginViewController.swift */; };
		09925AF820E65C2600D3DEB8 /* UIStoryboard+Extension.swift in Sources */ = {isa = PBXBuildFile; fileRef = 09925AF620E65C2600D3DEB8 /* UIStoryboard+Extension.swift */; };
		09925AF920E65C2600D3DEB8 /* UIViewController+Extension.swift in Sources */ = {isa = PBXBuildFile; fileRef = 09925AF720E65C2600D3DEB8 /* UIViewController+Extension.swift */; };
		09925AFF20E65D5C00D3DEB8 /* WindowManager.swift in Sources */ = {isa = PBXBuildFile; fileRef = 09925AFE20E65D5C00D3DEB8 /* WindowManager.swift */; };
		09A94AB3210F3A0200148074 /* Home.storyboard in Resources */ = {isa = PBXBuildFile; fileRef = 09A94AB2210F3A0200148074 /* Home.storyboard */; };
		09A94AB5210F3B3500148074 /* HomeTabBarController.swift in Sources */ = {isa = PBXBuildFile; fileRef = 09A94AB4210F3B3400148074 /* HomeTabBarController.swift */; };
		09A94AB7210F3B6400148074 /* Constants.swift in Sources */ = {isa = PBXBuildFile; fileRef = 09A94AB6210F3B6400148074 /* Constants.swift */; };
		09F14399210F516600FC3574 /* SettingsViewController.swift in Sources */ = {isa = PBXBuildFile; fileRef = 09F14398210F516600FC3574 /* SettingsViewController.swift */; };
		441EDA55F804D60358B712FE /* Pods_ChatCamp_Demo.framework in Frameworks */ = {isa = PBXBuildFile; fileRef = BCB4BB3F3302265F3CD2C14A /* Pods_ChatCamp_Demo.framework */; };
		C03F7414202EFEBA00423969 /* AppDelegate.swift in Sources */ = {isa = PBXBuildFile; fileRef = C03F7413202EFEBA00423969 /* AppDelegate.swift */; };
		C03F741B202EFEBA00423969 /* Assets.xcassets in Resources */ = {isa = PBXBuildFile; fileRef = C03F741A202EFEBA00423969 /* Assets.xcassets */; };
		C03F741E202EFEBA00423969 /* LaunchScreen.storyboard in Resources */ = {isa = PBXBuildFile; fileRef = C03F741C202EFEBA00423969 /* LaunchScreen.storyboard */; };
/* End PBXBuildFile section */

/* Begin PBXFileReference section */
		09925AE620E6561C00D3DEB8 /* Login.storyboard */ = {isa = PBXFileReference; fileEncoding = 4; lastKnownFileType = file.storyboard; path = Login.storyboard; sourceTree = "<group>"; };
		09925AE920E6571D00D3DEB8 /* LoginViewController.swift */ = {isa = PBXFileReference; fileEncoding = 4; lastKnownFileType = sourcecode.swift; path = LoginViewController.swift; sourceTree = "<group>"; };
		09925AF620E65C2600D3DEB8 /* UIStoryboard+Extension.swift */ = {isa = PBXFileReference; fileEncoding = 4; lastKnownFileType = sourcecode.swift; path = "UIStoryboard+Extension.swift"; sourceTree = "<group>"; };
		09925AF720E65C2600D3DEB8 /* UIViewController+Extension.swift */ = {isa = PBXFileReference; fileEncoding = 4; lastKnownFileType = sourcecode.swift; path = "UIViewController+Extension.swift"; sourceTree = "<group>"; };
		09925AFE20E65D5C00D3DEB8 /* WindowManager.swift */ = {isa = PBXFileReference; fileEncoding = 4; lastKnownFileType = sourcecode.swift; path = WindowManager.swift; sourceTree = "<group>"; };
		09A94AB2210F3A0200148074 /* Home.storyboard */ = {isa = PBXFileReference; fileEncoding = 4; lastKnownFileType = file.storyboard; path = Home.storyboard; sourceTree = "<group>"; };
		09A94AB4210F3B3400148074 /* HomeTabBarController.swift */ = {isa = PBXFileReference; fileEncoding = 4; lastKnownFileType = sourcecode.swift; path = HomeTabBarController.swift; sourceTree = "<group>"; };
		09A94AB6210F3B6400148074 /* Constants.swift */ = {isa = PBXFileReference; fileEncoding = 4; lastKnownFileType = sourcecode.swift; path = Constants.swift; sourceTree = "<group>"; };
		09F14398210F516600FC3574 /* SettingsViewController.swift */ = {isa = PBXFileReference; fileEncoding = 4; lastKnownFileType = sourcecode.swift; path = SettingsViewController.swift; sourceTree = "<group>"; };
		3200A2D70585FF9CD4B4F185 /* Pods-ChatCamp Demo.debug.xcconfig */ = {isa = PBXFileReference; includeInIndex = 1; lastKnownFileType = text.xcconfig; name = "Pods-ChatCamp Demo.debug.xcconfig"; path = "Pods/Target Support Files/Pods-ChatCamp Demo/Pods-ChatCamp Demo.debug.xcconfig"; sourceTree = "<group>"; };
		3FCB7B5A206813F50017A36C /* ChatCamp Demo.entitlements */ = {isa = PBXFileReference; lastKnownFileType = text.plist.entitlements; path = "ChatCamp Demo.entitlements"; sourceTree = "<group>"; };
		BCB4BB3F3302265F3CD2C14A /* Pods_ChatCamp_Demo.framework */ = {isa = PBXFileReference; explicitFileType = wrapper.framework; includeInIndex = 0; path = Pods_ChatCamp_Demo.framework; sourceTree = BUILT_PRODUCTS_DIR; };
		C03F7410202EFEBA00423969 /* ChatCamp Demo.app */ = {isa = PBXFileReference; explicitFileType = wrapper.application; includeInIndex = 0; path = "ChatCamp Demo.app"; sourceTree = BUILT_PRODUCTS_DIR; };
		C03F7413202EFEBA00423969 /* AppDelegate.swift */ = {isa = PBXFileReference; lastKnownFileType = sourcecode.swift; path = AppDelegate.swift; sourceTree = "<group>"; };
		C03F741A202EFEBA00423969 /* Assets.xcassets */ = {isa = PBXFileReference; lastKnownFileType = folder.assetcatalog; path = Assets.xcassets; sourceTree = "<group>"; };
		C03F741D202EFEBA00423969 /* Base */ = {isa = PBXFileReference; lastKnownFileType = file.storyboard; name = Base; path = Base.lproj/LaunchScreen.storyboard; sourceTree = "<group>"; };
		C03F741F202EFEBA00423969 /* Info.plist */ = {isa = PBXFileReference; lastKnownFileType = text.plist.xml; path = Info.plist; sourceTree = "<group>"; };
		F6F0CA5C8975962A7B5C9C84 /* Pods-ChatCamp Demo.release.xcconfig */ = {isa = PBXFileReference; includeInIndex = 1; lastKnownFileType = text.xcconfig; name = "Pods-ChatCamp Demo.release.xcconfig"; path = "Pods/Target Support Files/Pods-ChatCamp Demo/Pods-ChatCamp Demo.release.xcconfig"; sourceTree = "<group>"; };
/* End PBXFileReference section */

/* Begin PBXFrameworksBuildPhase section */
		C03F740D202EFEBA00423969 /* Frameworks */ = {
			isa = PBXFrameworksBuildPhase;
			buildActionMask = 2147483647;
			files = (
				441EDA55F804D60358B712FE /* Pods_ChatCamp_Demo.framework in Frameworks */,
			);
			runOnlyForDeploymentPostprocessing = 0;
		};
/* End PBXFrameworksBuildPhase section */

/* Begin PBXGroup section */
		09925AED20E6593300D3DEB8 /* Extension */ = {
			isa = PBXGroup;
			children = (
				09925AF620E65C2600D3DEB8 /* UIStoryboard+Extension.swift */,
				09925AF720E65C2600D3DEB8 /* UIViewController+Extension.swift */,
			);
			name = Extension;
			path = "New Group1";
			sourceTree = "<group>";
		};
		09BCB58E211B0A8600D2D7B4 /* Supporting Files */ = {
			isa = PBXGroup;
			children = (
				09A94AB6210F3B6400148074 /* Constants.swift */,
				C03F7413202EFEBA00423969 /* AppDelegate.swift */,
				09925AFE20E65D5C00D3DEB8 /* WindowManager.swift */,
				C03F741A202EFEBA00423969 /* Assets.xcassets */,
				C03F741F202EFEBA00423969 /* Info.plist */,
			);
			path = "Supporting Files";
			sourceTree = "<group>";
		};
		09BCB58F211B0B4E00D2D7B4 /* ViewControllers */ = {
			isa = PBXGroup;
			children = (
				09925AE920E6571D00D3DEB8 /* LoginViewController.swift */,
				09A94AB4210F3B3400148074 /* HomeTabBarController.swift */,
				09F14398210F516600FC3574 /* SettingsViewController.swift */,
			);
			path = ViewControllers;
			sourceTree = "<group>";
		};
		09BCB590211B0B7B00D2D7B4 /* Storyboards */ = {
			isa = PBXGroup;
			children = (
				09925AE620E6561C00D3DEB8 /* Login.storyboard */,
				09A94AB2210F3A0200148074 /* Home.storyboard */,
				C03F741C202EFEBA00423969 /* LaunchScreen.storyboard */,
			);
			path = Storyboards;
			sourceTree = "<group>";
		};
		4141ED806E9591740743E8B8 /* Frameworks */ = {
			isa = PBXGroup;
			children = (
				BCB4BB3F3302265F3CD2C14A /* Pods_ChatCamp_Demo.framework */,
			);
			name = Frameworks;
			sourceTree = "<group>";
		};
		C03F7407202EFEBA00423969 = {
			isa = PBXGroup;
			children = (
				C03F7412202EFEBA00423969 /* ChatCamp Demo */,
				C03F7411202EFEBA00423969 /* Products */,
				DB49DC9E395A6B849020AA14 /* Pods */,
				4141ED806E9591740743E8B8 /* Frameworks */,
			);
			sourceTree = "<group>";
		};
		C03F7411202EFEBA00423969 /* Products */ = {
			isa = PBXGroup;
			children = (
				C03F7410202EFEBA00423969 /* ChatCamp Demo.app */,
			);
			name = Products;
			sourceTree = "<group>";
		};
		C03F7412202EFEBA00423969 /* ChatCamp Demo */ = {
			isa = PBXGroup;
			children = (
				09BCB590211B0B7B00D2D7B4 /* Storyboards */,
				09BCB58F211B0B4E00D2D7B4 /* ViewControllers */,
				09925AED20E6593300D3DEB8 /* Extension */,
				3FCB7B5A206813F50017A36C /* ChatCamp Demo.entitlements */,
				09BCB58E211B0A8600D2D7B4 /* Supporting Files */,
			);
			path = "ChatCamp Demo";
			sourceTree = "<group>";
		};
		DB49DC9E395A6B849020AA14 /* Pods */ = {
			isa = PBXGroup;
			children = (
				3200A2D70585FF9CD4B4F185 /* Pods-ChatCamp Demo.debug.xcconfig */,
				F6F0CA5C8975962A7B5C9C84 /* Pods-ChatCamp Demo.release.xcconfig */,
			);
			name = Pods;
			sourceTree = "<group>";
		};
/* End PBXGroup section */

/* Begin PBXNativeTarget section */
		C03F740F202EFEBA00423969 /* ChatCamp Demo */ = {
			isa = PBXNativeTarget;
			buildConfigurationList = C03F7422202EFEBA00423969 /* Build configuration list for PBXNativeTarget "ChatCamp Demo" */;
			buildPhases = (
				B1EFB2FE1BCBF88DC1BA93F4 /* [CP] Check Pods Manifest.lock */,
				C03F740C202EFEBA00423969 /* Sources */,
				C03F740D202EFEBA00423969 /* Frameworks */,
				C03F740E202EFEBA00423969 /* Resources */,
				958CB9B7A289303D4B641E16 /* [CP] Embed Pods Frameworks */,
				098527BB2153735100ACE510 /* ShellScript */,
			);
			buildRules = (
			);
			dependencies = (
			);
			name = "ChatCamp Demo";
			productName = "ChatCamp Demo";
			productReference = C03F7410202EFEBA00423969 /* ChatCamp Demo.app */;
			productType = "com.apple.product-type.application";
		};
/* End PBXNativeTarget section */

/* Begin PBXProject section */
		C03F7408202EFEBA00423969 /* Project object */ = {
			isa = PBXProject;
			attributes = {
				LastSwiftUpdateCheck = 0910;
				LastUpgradeCheck = 0910;
				ORGANIZATIONNAME = "iFlyLabs Inc.";
				TargetAttributes = {
					C03F740F202EFEBA00423969 = {
						CreatedOnToolsVersion = 9.1;
						LastSwiftMigration = 1000;
						ProvisioningStyle = Automatic;
						SystemCapabilities = {
							com.apple.Keychain = {
								enabled = 0;
							};
							com.apple.Push = {
								enabled = 1;
							};
							com.apple.iCloud = {
								enabled = 1;
							};
						};
					};
				};
			};
			buildConfigurationList = C03F740B202EFEBA00423969 /* Build configuration list for PBXProject "ChatCamp Demo" */;
			compatibilityVersion = "Xcode 8.0";
			developmentRegion = en;
			hasScannedForEncodings = 0;
			knownRegions = (
				en,
				Base,
			);
			mainGroup = C03F7407202EFEBA00423969;
			productRefGroup = C03F7411202EFEBA00423969 /* Products */;
			projectDirPath = "";
			projectRoot = "";
			targets = (
				C03F740F202EFEBA00423969 /* ChatCamp Demo */,
			);
		};
/* End PBXProject section */

/* Begin PBXResourcesBuildPhase section */
		C03F740E202EFEBA00423969 /* Resources */ = {
			isa = PBXResourcesBuildPhase;
			buildActionMask = 2147483647;
			files = (
				09925AE720E6561C00D3DEB8 /* Login.storyboard in Resources */,
				09A94AB3210F3A0200148074 /* Home.storyboard in Resources */,
				C03F741E202EFEBA00423969 /* LaunchScreen.storyboard in Resources */,
				C03F741B202EFEBA00423969 /* Assets.xcassets in Resources */,
			);
			runOnlyForDeploymentPostprocessing = 0;
		};
/* End PBXResourcesBuildPhase section */

/* Begin PBXShellScriptBuildPhase section */
		098527BB2153735100ACE510 /* ShellScript */ = {
			isa = PBXShellScriptBuildPhase;
			buildActionMask = 2147483647;
			files = (
			);
			inputPaths = (
			);
			outputPaths = (
			);
			runOnlyForDeploymentPostprocessing = 0;
			shellPath = /bin/sh;
			shellScript = "\"${PODS_ROOT}/Fabric/run\" 369dcbe28812b72717281ed008e9d97492485185 4246211952a35f786e0472a8cd18483330ee07896e8461e16f3aa8a60eeb69c0";
		};
		958CB9B7A289303D4B641E16 /* [CP] Embed Pods Frameworks */ = {
			isa = PBXShellScriptBuildPhase;
			buildActionMask = 2147483647;
			files = (
			);
			inputPaths = (
				"${SRCROOT}/Pods/Target Support Files/Pods-ChatCamp Demo/Pods-ChatCamp Demo-frameworks.sh",
				"${BUILT_PRODUCTS_DIR}/Alamofire/Alamofire.framework",
				"${BUILT_PRODUCTS_DIR}/CLImageEditor/CLImageEditor.framework",
				"${PODS_ROOT}/ChatCamp/ChatCamp.framework",
				"${PODS_ROOT}/ChatCamp/ChatCamp.framework.dSYM",
				"${BUILT_PRODUCTS_DIR}/ChatCampUIKit/ChatCampUIKit.framework",
				"${BUILT_PRODUCTS_DIR}/DKCamera/DKCamera.framework",
				"${BUILT_PRODUCTS_DIR}/DKImagePickerController/DKImagePickerController.framework",
				"${BUILT_PRODUCTS_DIR}/DKPhotoGallery/DKPhotoGallery.framework",
				"${BUILT_PRODUCTS_DIR}/FLAnimatedImage/FLAnimatedImage.framework",
				"${BUILT_PRODUCTS_DIR}/MBProgressHUD/MBProgressHUD.framework",
				"${BUILT_PRODUCTS_DIR}/SDWebImage/SDWebImage.framework",
			);
			name = "[CP] Embed Pods Frameworks";
			outputPaths = (
				"${TARGET_BUILD_DIR}/${FRAMEWORKS_FOLDER_PATH}/Alamofire.framework",
				"${TARGET_BUILD_DIR}/${FRAMEWORKS_FOLDER_PATH}/CLImageEditor.framework",
				"${TARGET_BUILD_DIR}/${FRAMEWORKS_FOLDER_PATH}/ChatCamp.framework",
				"${DWARF_DSYM_FOLDER_PATH}/ChatCamp.framework.dSYM",
				"${TARGET_BUILD_DIR}/${FRAMEWORKS_FOLDER_PATH}/ChatCampUIKit.framework",
				"${TARGET_BUILD_DIR}/${FRAMEWORKS_FOLDER_PATH}/DKCamera.framework",
				"${TARGET_BUILD_DIR}/${FRAMEWORKS_FOLDER_PATH}/DKImagePickerController.framework",
				"${TARGET_BUILD_DIR}/${FRAMEWORKS_FOLDER_PATH}/DKPhotoGallery.framework",
				"${TARGET_BUILD_DIR}/${FRAMEWORKS_FOLDER_PATH}/FLAnimatedImage.framework",
				"${TARGET_BUILD_DIR}/${FRAMEWORKS_FOLDER_PATH}/MBProgressHUD.framework",
				"${TARGET_BUILD_DIR}/${FRAMEWORKS_FOLDER_PATH}/SDWebImage.framework",
			);
			runOnlyForDeploymentPostprocessing = 0;
			shellPath = /bin/sh;
			shellScript = "\"${SRCROOT}/Pods/Target Support Files/Pods-ChatCamp Demo/Pods-ChatCamp Demo-frameworks.sh\"\n";
			showEnvVarsInLog = 0;
		};
		B1EFB2FE1BCBF88DC1BA93F4 /* [CP] Check Pods Manifest.lock */ = {
			isa = PBXShellScriptBuildPhase;
			buildActionMask = 2147483647;
			files = (
			);
			inputPaths = (
				"${PODS_PODFILE_DIR_PATH}/Podfile.lock",
				"${PODS_ROOT}/Manifest.lock",
			);
			name = "[CP] Check Pods Manifest.lock";
			outputPaths = (
				"$(DERIVED_FILE_DIR)/Pods-ChatCamp Demo-checkManifestLockResult.txt",
			);
			runOnlyForDeploymentPostprocessing = 0;
			shellPath = /bin/sh;
			shellScript = "diff \"${PODS_PODFILE_DIR_PATH}/Podfile.lock\" \"${PODS_ROOT}/Manifest.lock\" > /dev/null\nif [ $? != 0 ] ; then\n    # print error to STDERR\n    echo \"error: The sandbox is not in sync with the Podfile.lock. Run 'pod install' or update your CocoaPods installation.\" >&2\n    exit 1\nfi\n# This output is used by Xcode 'outputs' to avoid re-running this script phase.\necho \"SUCCESS\" > \"${SCRIPT_OUTPUT_FILE_0}\"\n";
			showEnvVarsInLog = 0;
		};
/* End PBXShellScriptBuildPhase section */

/* Begin PBXSourcesBuildPhase section */
		C03F740C202EFEBA00423969 /* Sources */ = {
			isa = PBXSourcesBuildPhase;
			buildActionMask = 2147483647;
			files = (
				09925AF820E65C2600D3DEB8 /* UIStoryboard+Extension.swift in Sources */,
				09925AF920E65C2600D3DEB8 /* UIViewController+Extension.swift in Sources */,
				09A94AB5210F3B3500148074 /* HomeTabBarController.swift in Sources */,
				09925AEA20E6571D00D3DEB8 /* LoginViewController.swift in Sources */,
				09A94AB7210F3B6400148074 /* Constants.swift in Sources */,
				C03F7414202EFEBA00423969 /* AppDelegate.swift in Sources */,
				09925AFF20E65D5C00D3DEB8 /* WindowManager.swift in Sources */,
				09F14399210F516600FC3574 /* SettingsViewController.swift in Sources */,
			);
			runOnlyForDeploymentPostprocessing = 0;
		};
/* End PBXSourcesBuildPhase section */

/* Begin PBXVariantGroup section */
		C03F741C202EFEBA00423969 /* LaunchScreen.storyboard */ = {
			isa = PBXVariantGroup;
			children = (
				C03F741D202EFEBA00423969 /* Base */,
			);
			name = LaunchScreen.storyboard;
			sourceTree = "<group>";
		};
/* End PBXVariantGroup section */

/* Begin XCBuildConfiguration section */
		C03F7420202EFEBA00423969 /* Debug */ = {
			isa = XCBuildConfiguration;
			buildSettings = {
				ALWAYS_SEARCH_USER_PATHS = NO;
				CLANG_ANALYZER_NONNULL = YES;
				CLANG_ANALYZER_NUMBER_OBJECT_CONVERSION = YES_AGGRESSIVE;
				CLANG_CXX_LANGUAGE_STANDARD = "gnu++14";
				CLANG_CXX_LIBRARY = "libc++";
				CLANG_ENABLE_MODULES = YES;
				CLANG_ENABLE_OBJC_ARC = YES;
				CLANG_WARN_BLOCK_CAPTURE_AUTORELEASING = YES;
				CLANG_WARN_BOOL_CONVERSION = YES;
				CLANG_WARN_COMMA = YES;
				CLANG_WARN_CONSTANT_CONVERSION = YES;
				CLANG_WARN_DIRECT_OBJC_ISA_USAGE = YES_ERROR;
				CLANG_WARN_DOCUMENTATION_COMMENTS = YES;
				CLANG_WARN_EMPTY_BODY = YES;
				CLANG_WARN_ENUM_CONVERSION = YES;
				CLANG_WARN_INFINITE_RECURSION = YES;
				CLANG_WARN_INT_CONVERSION = YES;
				CLANG_WARN_NON_LITERAL_NULL_CONVERSION = YES;
				CLANG_WARN_OBJC_LITERAL_CONVERSION = YES;
				CLANG_WARN_OBJC_ROOT_CLASS = YES_ERROR;
				CLANG_WARN_RANGE_LOOP_ANALYSIS = YES;
				CLANG_WARN_STRICT_PROTOTYPES = YES;
				CLANG_WARN_SUSPICIOUS_MOVE = YES;
				CLANG_WARN_UNGUARDED_AVAILABILITY = YES_AGGRESSIVE;
				CLANG_WARN_UNREACHABLE_CODE = YES;
				CLANG_WARN__DUPLICATE_METHOD_MATCH = YES;
				CODE_SIGN_IDENTITY = "iPhone Developer";
				COPY_PHASE_STRIP = NO;
				DEBUG_INFORMATION_FORMAT = dwarf;
				ENABLE_STRICT_OBJC_MSGSEND = YES;
				ENABLE_TESTABILITY = YES;
				GCC_C_LANGUAGE_STANDARD = gnu11;
				GCC_DYNAMIC_NO_PIC = NO;
				GCC_NO_COMMON_BLOCKS = YES;
				GCC_OPTIMIZATION_LEVEL = 0;
				GCC_PREPROCESSOR_DEFINITIONS = (
					"DEBUG=1",
					"$(inherited)",
				);
				GCC_WARN_64_TO_32_BIT_CONVERSION = YES;
				GCC_WARN_ABOUT_RETURN_TYPE = YES_ERROR;
				GCC_WARN_UNDECLARED_SELECTOR = YES;
				GCC_WARN_UNINITIALIZED_AUTOS = YES_AGGRESSIVE;
				GCC_WARN_UNUSED_FUNCTION = YES;
				GCC_WARN_UNUSED_VARIABLE = YES;
				IPHONEOS_DEPLOYMENT_TARGET = 10.0;
				MTL_ENABLE_DEBUG_INFO = YES;
				ONLY_ACTIVE_ARCH = YES;
				SDKROOT = iphoneos;
				SWIFT_ACTIVE_COMPILATION_CONDITIONS = DEBUG;
				SWIFT_OPTIMIZATION_LEVEL = "-Onone";
			};
			name = Debug;
		};
		C03F7421202EFEBA00423969 /* Release */ = {
			isa = XCBuildConfiguration;
			buildSettings = {
				ALWAYS_SEARCH_USER_PATHS = NO;
				CLANG_ANALYZER_NONNULL = YES;
				CLANG_ANALYZER_NUMBER_OBJECT_CONVERSION = YES_AGGRESSIVE;
				CLANG_CXX_LANGUAGE_STANDARD = "gnu++14";
				CLANG_CXX_LIBRARY = "libc++";
				CLANG_ENABLE_MODULES = YES;
				CLANG_ENABLE_OBJC_ARC = YES;
				CLANG_WARN_BLOCK_CAPTURE_AUTORELEASING = YES;
				CLANG_WARN_BOOL_CONVERSION = YES;
				CLANG_WARN_COMMA = YES;
				CLANG_WARN_CONSTANT_CONVERSION = YES;
				CLANG_WARN_DIRECT_OBJC_ISA_USAGE = YES_ERROR;
				CLANG_WARN_DOCUMENTATION_COMMENTS = YES;
				CLANG_WARN_EMPTY_BODY = YES;
				CLANG_WARN_ENUM_CONVERSION = YES;
				CLANG_WARN_INFINITE_RECURSION = YES;
				CLANG_WARN_INT_CONVERSION = YES;
				CLANG_WARN_NON_LITERAL_NULL_CONVERSION = YES;
				CLANG_WARN_OBJC_LITERAL_CONVERSION = YES;
				CLANG_WARN_OBJC_ROOT_CLASS = YES_ERROR;
				CLANG_WARN_RANGE_LOOP_ANALYSIS = YES;
				CLANG_WARN_STRICT_PROTOTYPES = YES;
				CLANG_WARN_SUSPICIOUS_MOVE = YES;
				CLANG_WARN_UNGUARDED_AVAILABILITY = YES_AGGRESSIVE;
				CLANG_WARN_UNREACHABLE_CODE = YES;
				CLANG_WARN__DUPLICATE_METHOD_MATCH = YES;
				CODE_SIGN_IDENTITY = "iPhone Developer";
				COPY_PHASE_STRIP = NO;
				DEBUG_INFORMATION_FORMAT = "dwarf-with-dsym";
				ENABLE_NS_ASSERTIONS = NO;
				ENABLE_STRICT_OBJC_MSGSEND = YES;
				GCC_C_LANGUAGE_STANDARD = gnu11;
				GCC_NO_COMMON_BLOCKS = YES;
				GCC_WARN_64_TO_32_BIT_CONVERSION = YES;
				GCC_WARN_ABOUT_RETURN_TYPE = YES_ERROR;
				GCC_WARN_UNDECLARED_SELECTOR = YES;
				GCC_WARN_UNINITIALIZED_AUTOS = YES_AGGRESSIVE;
				GCC_WARN_UNUSED_FUNCTION = YES;
				GCC_WARN_UNUSED_VARIABLE = YES;
				IPHONEOS_DEPLOYMENT_TARGET = 10.0;
				MTL_ENABLE_DEBUG_INFO = NO;
				ONLY_ACTIVE_ARCH = YES;
				SDKROOT = iphoneos;
				SWIFT_OPTIMIZATION_LEVEL = "-Owholemodule";
				VALIDATE_PRODUCT = YES;
			};
			name = Release;
		};
		C03F7423202EFEBA00423969 /* Debug */ = {
			isa = XCBuildConfiguration;
			baseConfigurationReference = 3200A2D70585FF9CD4B4F185 /* Pods-ChatCamp Demo.debug.xcconfig */;
			buildSettings = {
				ASSETCATALOG_COMPILER_APPICON_NAME = AppIcon;
				CODE_SIGN_ENTITLEMENTS = "ChatCamp Demo/ChatCamp Demo.entitlements";
				"CODE_SIGN_IDENTITY[sdk=iphoneos*]" = "iPhone Developer";
				CODE_SIGN_STYLE = Automatic;
				DEVELOPMENT_TEAM = ET385UDM96;
				ENABLE_BITCODE = YES;
				INFOPLIST_FILE = "$(SRCROOT)/ChatCamp Demo/Supporting Files/Info.plist";
				IPHONEOS_DEPLOYMENT_TARGET = 10.0;
				LD_RUNPATH_SEARCH_PATHS = "$(inherited) @executable_path/Frameworks";
				ONLY_ACTIVE_ARCH = YES;
				PRODUCT_BUNDLE_IDENTIFIER = io.chatcamp.demo;
				PRODUCT_NAME = "$(TARGET_NAME)";
				PROVISIONING_PROFILE_SPECIFIER = "";
				SWIFT_VERSION = 4.2;
				TARGETED_DEVICE_FAMILY = 1;
			};
			name = Debug;
		};
		C03F7424202EFEBA00423969 /* Release */ = {
			isa = XCBuildConfiguration;
			baseConfigurationReference = F6F0CA5C8975962A7B5C9C84 /* Pods-ChatCamp Demo.release.xcconfig */;
			buildSettings = {
				ASSETCATALOG_COMPILER_APPICON_NAME = AppIcon;
				CODE_SIGN_ENTITLEMENTS = "ChatCamp Demo/ChatCamp Demo.entitlements";
				"CODE_SIGN_IDENTITY[sdk=iphoneos*]" = "iPhone Developer";
				CODE_SIGN_STYLE = Automatic;
				DEVELOPMENT_TEAM = ET385UDM96;
				ENABLE_BITCODE = YES;
				INFOPLIST_FILE = "$(SRCROOT)/ChatCamp Demo/Supporting Files/Info.plist";
				IPHONEOS_DEPLOYMENT_TARGET = 10.0;
				LD_RUNPATH_SEARCH_PATHS = "$(inherited) @executable_path/Frameworks";
				PRODUCT_BUNDLE_IDENTIFIER = io.chatcamp.demo;
				PRODUCT_NAME = "$(TARGET_NAME)";
				PROVISIONING_PROFILE_SPECIFIER = "";
				SWIFT_VERSION = 4.2;
				TARGETED_DEVICE_FAMILY = 1;
			};
			name = Release;
		};
/* End XCBuildConfiguration section */

/* Begin XCConfigurationList section */
		C03F740B202EFEBA00423969 /* Build configuration list for PBXProject "ChatCamp Demo" */ = {
			isa = XCConfigurationList;
			buildConfigurations = (
				C03F7420202EFEBA00423969 /* Debug */,
				C03F7421202EFEBA00423969 /* Release */,
			);
			defaultConfigurationIsVisible = 0;
			defaultConfigurationName = Release;
		};
		C03F7422202EFEBA00423969 /* Build configuration list for PBXNativeTarget "ChatCamp Demo" */ = {
			isa = XCConfigurationList;
			buildConfigurations = (
				C03F7423202EFEBA00423969 /* Debug */,
				C03F7424202EFEBA00423969 /* Release */,
			);
			defaultConfigurationIsVisible = 0;
			defaultConfigurationName = Release;
		};
/* End XCConfigurationList section */
	};
	rootObject = C03F7408202EFEBA00423969 /* Project object */;
}
