PODS:
  - Alamofire (4.8.1)
  - ChatCamp (4.2.4)
  - ChatCampUIKit (4.2.9):
    - Alamofire (~> 4.7)
    - ChatCamp (~> 4.2)
    - DKCamera
    - DKImagePickerController
    - DKPhotoGallery
    - MBProgressHUD
  - Crashlytics (3.11.1):
    - Fabric (~> 1.8.1)
  - CropViewController (2.4.0)
  - DKCamera (1.6.4)
  - DKImagePickerController (4.1.4):
    - DKImagePickerController/Camera (= 4.1.4)
    - DKImagePickerController/Core (= 4.1.4)
    - DKImagePickerController/ImageDataManager (= 4.1.4)
    - DKImagePickerController/InlineCamera (= 4.1.4)
    - DKImagePickerController/PhotoEditor (= 4.1.4)
    - DKImagePickerController/PhotoGallery (= 4.1.4)
    - DKImagePickerController/Resource (= 4.1.4)
  - DKImagePickerController/Camera (4.1.4):
    - DKCamera
    - DKImagePickerController/Core
  - DKImagePickerController/Core (4.1.4):
    - DKImagePickerController/ImageDataManager
    - DKImagePickerController/Resource
  - DKImagePickerController/ImageDataManager (4.1.4)
  - DKImagePickerController/InlineCamera (4.1.4):
    - DKCamera
    - DKImagePickerController/Core
  - DKImagePickerController/PhotoEditor (4.1.4):
    - CropViewController (~> 2.4)
    - DKImagePickerController/Core
  - DKImagePickerController/PhotoGallery (4.1.4):
    - DKImagePickerController/Core
    - DKPhotoGallery
  - DKImagePickerController/Resource (4.1.4)
  - DKPhotoGallery (0.0.12):
    - DKPhotoGallery/Core (= 0.0.12)
    - DKPhotoGallery/Model (= 0.0.12)
    - DKPhotoGallery/Preview (= 0.0.12)
    - DKPhotoGallery/Resource (= 0.0.12)
    - SDWebImage/GIF
  - DKPhotoGallery/Core (0.0.12):
    - DKPhotoGallery/Model
    - DKPhotoGallery/Preview
    - SDWebImage/GIF
  - DKPhotoGallery/Model (0.0.12):
    - SDWebImage/GIF
  - DKPhotoGallery/Preview (0.0.12):
    - DKPhotoGallery/Model
    - DKPhotoGallery/Resource
    - SDWebImage/GIF
  - DKPhotoGallery/Resource (0.0.12):
    - SDWebImage/GIF
  - Fabric (1.8.1)
  - FLAnimatedImage (1.0.12)
  - MBProgressHUD (1.1.0)
  - SDWebImage/Core (4.4.6)
  - SDWebImage/GIF (4.4.6):
    - FLAnimatedImage (~> 1.0)
    - SDWebImage/Core

DEPENDENCIES:
  - ChatCampUIKit (~> 4.2)
  - Crashlytics
  - Fabric

SPEC REPOS:
  https://github.com/cocoapods/specs.git:
    - Alamofire
    - ChatCamp
    - ChatCampUIKit
    - Crashlytics
    - CropViewController
    - DKCamera
    - DKImagePickerController
    - DKPhotoGallery
    - Fabric
    - FLAnimatedImage
    - MBProgressHUD
    - SDWebImage

SPEC CHECKSUMS:
  Alamofire: 16ce2c353fb72865124ddae8a57c5942388f4f11
  ChatCamp: bbacc2210c67d3c4dc556a1444491b088455a65c
  ChatCampUIKit: 270b36cb9917d5cebca2831727e318662e04fa68
  Crashlytics: ca7ab4bc304aa216bdc2e4c1a96389ee77252203
  CropViewController: a090820b15fc3da68e694d7c192a4708c576828b
  DKCamera: 61fa47629a39354e5111bca1fe96695de020dcb9
  DKImagePickerController: 1b21dd7ba0eb488ef0869d1eb6f23b3534b69bb5
  DKPhotoGallery: 1b4d65d9a485dfdd2002f22daa5b955eafb350ea
  Fabric: 43ed7bac010f588f63ee23ab1a0276b296db5e17
  FLAnimatedImage: 4a0b56255d9b05f18b6dd7ee06871be5d3b89e31
  MBProgressHUD: e7baa36a220447d8aeb12769bf0585582f3866d9
  SDWebImage: 3f3f0c02f09798048c47a5ed0a13f17b063572d8

PODFILE CHECKSUM: 5e4f22fa800ba74580f2fafeb2eb86c2264162d0

COCOAPODS: 1.5.3
